
Microsoft Visual Studio Solution File, Format Version 12.00
# Visual Studio Version 17
VisualStudioVersion = 17.14.36414.22 d17.14
MinimumVisualStudioVersion = 10.0.40219.1
Project("{FAE04EC0-301F-11D3-BF4B-00C04F79EFBC}") = "Заданеи_5", "Заданеи_5.csproj", "{BBF188F9-6CDD-48D3-80ED-DA1D9316282A}"
EndProject
Global
	GlobalSection(SolutionConfigurationPlatforms) = preSolution
		Debug|Any CPU = Debug|Any CPU
		Release|Any CPU = Release|Any CPU
	EndGlobalSection
	GlobalSection(ProjectConfigurationPlatforms) = postSolution
		{BBF188F9-6CDD-48D3-80ED-DA1D9316282A}.Debug|Any CPU.ActiveCfg = Debug|Any CPU
		{BBF188F9-6CDD-48D3-80ED-DA1D9316282A}.Debug|Any CPU.Build.0 = Debug|Any CPU
		{BBF188F9-6CDD-48D3-80ED-DA1D9316282A}.Release|Any CPU.ActiveCfg = Release|Any CPU
		{BBF188F9-6CDD-48D3-80ED-DA1D9316282A}.Release|Any CPU.Build.0 = Release|Any CPU
	EndGlobalSection
	GlobalSection(SolutionProperties) = preSolution
		HideSolutionNode = FALSE
	EndGlobalSection
	GlobalSection(ExtensibilityGlobals) = postSolution
		SolutionGuid = {804DDC59-4A8C-40BE-82B4-FD76C398E452}
	EndGlobalSection
EndGlobal
