
Microsoft Visual Studio Solution File, Format Version 12.00
# Visual Studio Version 17
VisualStudioVersion = 17.14.36414.22 d17.14
MinimumVisualStudioVersion = 10.0.40219.1
Project("{FAE04EC0-301F-11D3-BF4B-00C04F79EFBC}") = "Laba-9_Alecseev_ISP-232_ISRPO", "Laba-9_Alecseev_ISP-232_ISRPO.csproj", "{592C7694-895B-4655-9981-848A89DC9A6F}"
EndProject
Project("{FAE04EC0-301F-11D3-BF4B-00C04F79EFBC}") = "MathLibrary", "..\MathLibrary\MathLibrary.csproj", "{DCDCFDEF-C7DE-4241-BA0C-E0EFEFB61D8D}"
EndProject
Global
	GlobalSection(SolutionConfigurationPlatforms) = preSolution
		Debug|Any CPU = Debug|Any CPU
		Release|Any CPU = Release|Any CPU
	EndGlobalSection
	GlobalSection(ProjectConfigurationPlatforms) = postSolution
		{592C7694-895B-4655-9981-848A89DC9A6F}.Debug|Any CPU.ActiveCfg = Debug|Any CPU
		{592C7694-895B-4655-9981-848A89DC9A6F}.Debug|Any CPU.Build.0 = Debug|Any CPU
		{592C7694-895B-4655-9981-848A89DC9A6F}.Release|Any CPU.ActiveCfg = Release|Any CPU
		{592C7694-895B-4655-9981-848A89DC9A6F}.Release|Any CPU.Build.0 = Release|Any CPU
		{DCDCFDEF-C7DE-4241-BA0C-E0EFEFB61D8D}.Debug|Any CPU.ActiveCfg = Debug|Any CPU
		{DCDCFDEF-C7DE-4241-BA0C-E0EFEFB61D8D}.Debug|Any CPU.Build.0 = Debug|Any CPU
		{DCDCFDEF-C7DE-4241-BA0C-E0EFEFB61D8D}.Release|Any CPU.ActiveCfg = Release|Any CPU
		{DCDCFDEF-C7DE-4241-BA0C-E0EFEFB61D8D}.Release|Any CPU.Build.0 = Release|Any CPU
	EndGlobalSection
	GlobalSection(SolutionProperties) = preSolution
		HideSolutionNode = FALSE
	EndGlobalSection
	GlobalSection(ExtensibilityGlobals) = postSolution
		SolutionGuid = {A99A1F8C-76B2-4ACF-A157-7CC94D1E69C3}
	EndGlobalSection
EndGlobal
